<?xml version="1.0" encoding="utf-8"?>
<Project ToolsVersion="4.0" xmlns="http://schemas.microsoft.com/developer/msbuild/2003">
  <ItemGroup>
    <Filter Include="Source Files">
      <UniqueIdentifier>{f6f94c85-d30d-403c-9381-b01facc5b6e3}</UniqueIdentifier>
      <Extensions>cpp;c;cxx;rc;def;r;odl;idl;hpj;bat</Extensions>
    </Filter>
    <Filter Include="Header Files">
      <UniqueIdentifier>{c61c74d9-41b7-4598-a501-b6bc443c4975}</UniqueIdentifier>
      <Extensions>h;hpp;hxx;hm;inl</Extensions>
    </Filter>
    <Filter Include="Resource Files">
      <UniqueIdentifier>{41c4194f-ee20-4ff8-8a29-475bc2625bb2}</UniqueIdentifier>
      <Extensions>ico;cur;bmp;dlg;rc2;rct;bin;rgs;gif;jpg;jpeg;jpe</Extensions>
    </Filter>
  </ItemGroup>
  <ItemGroup>
    <ClCompile Include="src\Main.cpp">
      <Filter>Source Files</Filter>
    </ClCompile>
    <ClCompile Include="src\Mainform.cpp">
      <Filter>Source Files</Filter>
    </ClCompile>
    <ClCompile Include="src\vumeter.cpp">
      <Filter>Source Files</Filter>
    </ClCompile>
    <ClCompile Include="src\wapp.cpp">
      <Filter>Source Files</Filter>
    </ClCompile>
    <ClCompile Include="src\wbmpbutton.cpp">
      <Filter>Source Files</Filter>
    </ClCompile>
    <ClCompile Include="src\Wbmpfont.cpp">
      <Filter>Source Files</Filter>
    </ClCompile>
    <ClCompile Include="src\wbmptextbox.cpp">
      <Filter>Source Files</Filter>
    </ClCompile>
    <ClCompile Include="src\wcontrol.cpp">
      <Filter>Source Files</Filter>
    </ClCompile>
    <ClCompile Include="src\wfile.cpp">
      <Filter>Source Files</Filter>
    </ClCompile>
    <ClCompile Include="src\wfont.cpp">
      <Filter>Source Files</Filter>
    </ClCompile>
    <ClCompile Include="src\wform.cpp">
      <Filter>Source Files</Filter>
    </ClCompile>
    <ClCompile Include="src\winikey.cpp">
      <Filter>Source Files</Filter>
    </ClCompile>
    <ClCompile Include="src\wmem.cpp">
      <Filter>Source Files</Filter>
    </ClCompile>
    <ClCompile Include="src\wmixer.cpp">
      <Filter>Source Files</Filter>
    </ClCompile>
    <ClCompile Include="src\wopendialog.cpp">
      <Filter>Source Files</Filter>
    </ClCompile>
    <ClCompile Include="src\wsavedialog.cpp">
      <Filter>Source Files</Filter>
    </ClCompile>
    <ClCompile Include="src\wscrollbar.cpp">
      <Filter>Source Files</Filter>
    </ClCompile>
    <ClCompile Include="src\wtooltip.cpp">
      <Filter>Source Files</Filter>
    </ClCompile>
  </ItemGroup>
  <ItemGroup>
    <ClInclude Include="src\main.h">
      <Filter>Header Files</Filter>
    </ClInclude>
    <ClInclude Include="src\mainform.h">
      <Filter>Header Files</Filter>
    </ClInclude>
    <ClInclude Include="src\resource.h">
      <Filter>Header Files</Filter>
    </ClInclude>
    <ClInclude Include="src\vumeter.h">
      <Filter>Header Files</Filter>
    </ClInclude>
    <ClInclude Include="src\wapp.h">
      <Filter>Header Files</Filter>
    </ClInclude>
    <ClInclude Include="src\wbmpbutton.h">
      <Filter>Header Files</Filter>
    </ClInclude>
    <ClInclude Include="src\wbmpfont.h">
      <Filter>Header Files</Filter>
    </ClInclude>
    <ClInclude Include="src\wbmptextbox.h">
      <Filter>Header Files</Filter>
    </ClInclude>
    <ClInclude Include="src\wcontrol.h">
      <Filter>Header Files</Filter>
    </ClInclude>
    <ClInclude Include="src\wfile.h">
      <Filter>Header Files</Filter>
    </ClInclude>
    <ClInclude Include="src\wfont.h">
      <Filter>Header Files</Filter>
    </ClInclude>
    <ClInclude Include="src\wform.h">
      <Filter>Header Files</Filter>
    </ClInclude>
    <ClInclude Include="src\winikey.h">
      <Filter>Header Files</Filter>
    </ClInclude>
    <ClInclude Include="src\wmem.h">
      <Filter>Header Files</Filter>
    </ClInclude>
    <ClInclude Include="src\wmixer.h">
      <Filter>Header Files</Filter>
    </ClInclude>
    <ClInclude Include="src\wopendialog.h">
      <Filter>Header Files</Filter>
    </ClInclude>
    <ClInclude Include="src\wsavedialog.h">
      <Filter>Header Files</Filter>
    </ClInclude>
    <ClInclude Include="src\wscrollbar.h">
      <Filter>Header Files</Filter>
    </ClInclude>
    <ClInclude Include="src\wtooltip.h">
      <Filter>Header Files</Filter>
    </ClInclude>
  </ItemGroup>
  <ItemGroup>
    <Image Include="src\resource\bitmap1.bmp">
      <Filter>Resource Files</Filter>
    </Image>
    <Image Include="src\resource\large.ico">
      <Filter>Resource Files</Filter>
    </Image>
    <Image Include="src\resource\small.ico">
      <Filter>Resource Files</Filter>
    </Image>
  </ItemGroup>
  <ItemGroup>
    <ResourceCompile Include="src\resource.rc">
      <Filter>Resource Files</Filter>
    </ResourceCompile>
  </ItemGroup>
</Project>