
Microsoft Visual Studio Solution File, Format Version 9.00
# Visual C++ Express 2005
Project("{8BC9CEB8-8B4A-11D0-8D11-00A0C91BC942}") = "mp3exe", "mp3exe.vcproj", "{58D4F4EB-9849-4B7E-B585-497607C99173}"
	ProjectSection(ProjectDependencies) = postProject
		{852EA943-DEBE-401B-9492-196D08AFA993} = {852EA943-DEBE-401B-9492-196D08AFA993}
	EndProjectSection
EndProject
Project("{8BC9CEB8-8B4A-11D0-8D11-00A0C91BC942}") = "build_static", "libwmp3\vc++\build_static\build_static.vcproj", "{852EA943-DEBE-401B-9492-196D08AFA993}"
EndProject
Global
	GlobalSection(SolutionConfigurationPlatforms) = preSolution
		Debug|Win32 = Debug|Win32
		Release|Win32 = Release|Win32
	EndGlobalSection
	GlobalSection(ProjectConfigurationPlatforms) = postSolution
		{58D4F4EB-9849-4B7E-B585-497607C99173}.Debug|Win32.ActiveCfg = Debug|Win32
		{58D4F4EB-9849-4B7E-B585-497607C99173}.Debug|Win32.Build.0 = Debug|Win32
		{58D4F4EB-9849-4B7E-B585-497607C99173}.Release|Win32.ActiveCfg = Release|Win32
		{58D4F4EB-9849-4B7E-B585-497607C99173}.Release|Win32.Build.0 = Release|Win32
		{852EA943-DEBE-401B-9492-196D08AFA993}.Debug|Win32.ActiveCfg = Debug|Win32
		{852EA943-DEBE-401B-9492-196D08AFA993}.Debug|Win32.Build.0 = Debug|Win32
		{852EA943-DEBE-401B-9492-196D08AFA993}.Release|Win32.ActiveCfg = Release|Win32
		{852EA943-DEBE-401B-9492-196D08AFA993}.Release|Win32.Build.0 = Release|Win32
	EndGlobalSection
	GlobalSection(SolutionProperties) = preSolution
		HideSolutionNode = FALSE
	EndGlobalSection
EndGlobal
